{
    "_meta": {
        "hash": {
            "sha256": "d165069b4807a11bcd5607c7ac70f7b91c3eca9f9525df69b1ae954fdb183583"
        },
        "pipfile-spec": 6,
        "requires": {
            "python_version": "3.9"
        },
        "sources": [
            {
                "name": "pypi",
                "url": "https://pypi.org/simple",
                "verify_ssl": true
            }
        ]
    },
    "default": {
        "aggdraw": {
            "hashes": [
                "sha256:0f79e9504e5fead1881d0bc3b763b76fb17f649ef263cfc1d63a10a068e904f3",
                "sha256:13a91cb1fdf32f7e5611212987901400297098c6aa403fd59bb3221ce4608663",
                "sha256:178784eb812dacfe3069fcbe4f4ef11877130803141b8f41b89535fbec0d0759",
                "sha256:21f951129b3014b3cf678b250ba5e4345d93243602b4062804e6111319d0eaf3",
                "sha256:2c350f9403749e2fa33525bf9116a154ea5c7fddbb9fe045448b7700b62d882d",
                "sha256:30d783a7bfb2ff2ac43ce080ff18fb5df8b96ad4c0988c88324037855310e665",
                "sha256:41e09faf469cae11339f5d1b0680dba7ec02502efebc10086f1a142a8a39afb8",
                "sha256:4483393bc69392287d1c8159a0c475c51ce2f687b1099d686a3c5b2028e25b0f",
                "sha256:4f3ff2595490b3760658a28afdca5111ed787bd1fccdab5c81d0ea57e0fe5a8c",
                "sha256:56bbcc8d4f64e60ed815419837b9d2ba579169d92c4fe19e4caa3679aaedb6aa",
                "sha256:67f28103a619ebf7068421dfee7bd3d6cf2528887bfb5d16ecf952da10fd6f93",
                "sha256:6a39bdf2f1043ca4148a926e35feaa1d4d592c25c8b225d8d0ad945415bab7cc",
                "sha256:789fc905d0bad232fe4d783ee115ed34a1c0904957dc384fc5c45a40df517975",
                "sha256:868c10d59daf9c6f625c4a206f384c637fdafe527c56c081bb0e567fcef17b55",
                "sha256:981210dbcbb649d80763a8ae32b845ff517103718c6bb0a95bae5b9d5d1c8cd2",
                "sha256:a9b6be919955e9ace24a22ca1172786902254db22f6789a0bb8ce08bfb86603f",
                "sha256:aecacc4f6d13b8343ac07624576bab4dadd4528f0c47f54b2fae0656fc913670",
                "sha256:b3bace3619f78891dbbeb1273409ea35d104880e5c22b0435808508c4c2f6a0e",
                "sha256:b5c47a5a4c9d1e0902b90b8b0032db55c8dc041dfc5005ff02749d8e9c0aa622",
                "sha256:cfbb072ee0a6de6cb6a782724df6e8ab9648d9566fb033118dcebbe9dc06326e",
                "sha256:e49048918017c62ba7069d781b351d4cbe8b188c76fe9104a923e57ddc95d5d0",
                "sha256:e5552ac136225692a774d481a9baa0736c68739f64b7a7ec9f4cc5f69c8a789a",
                "sha256:e68afe82d0bbd111b2d6d7f41ac8cf13a010cd65ad095117c2e9fd8252710a73",
                "sha256:e78a23b29fb66a079832bae5604f082bfa4ff9d5d469c77506a67253d7fee7db",
                "sha256:f0a4fd88d737719071cbfb1eba7520ca6e64c118b71b72525944b8d7bb20327c",
                "sha256:f7cb8141620ec4cb3be55601115126d9a1b084ef5bdea0bb510007efa42e8cfe"
            ],
            "markers": "python_version >= '3.9'",
            "version": "==1.3.19"
        },
        "importlib-resources": {
            "hashes": [
                "sha256:980862a1d16c9e147a59603677fa2aa5fd82b87f223b6cb870695bcfce830065",
                "sha256:ac29d5f956f01d5e4bb63102a5a19957f1b9175e45649977264a1416783bb717"
            ],
            "markers": "python_version >= '3.8'",
            "version": "==6.4.5"
        },
        "klibs": {
            "file": "https://github.com/a-hurst/klibs/releases/download/0.7.7b1/klibs-0.7.7b1.tar.gz"
        },
        "libusb-package": {
            "hashes": [
                "sha256:051feb717910fc868da437d271bcaa2d0b59fce951f304821a3139ababb3d69f",
                "sha256:08fd35ee52119ae322b10288d9a411e82c9cd87e82ad1d13d63e024236b6d6ba",
                "sha256:092ea7d50734750197459b7c37e024142cabd090df80cbda9254d8d93bd51ee5",
                "sha256:0970e9e92bc13564fe75c3fc74e60601cb31866fc0345cb1f6461b9f983d6062",
                "sha256:16089823afced6e407eb39b4519e9c094d17be759a1b0bb1976d581e7b2382ae",
                "sha256:18e77e0b2a30b72c963adb99c520f78414ab91940d97acba745ff791eb3477dd",
                "sha256:1c68660a83d25a32fccc9aa2d300800a3b523508268f01edc322fb2f68cf04a7",
                "sha256:1f2409346c53d861cfef4663c003a217334fcd02a38b5521722ec385758a53db",
                "sha256:1f2f14051983c8869296a1e1659c68e1796a42b5723b2698a30d6aa0e295696a",
                "sha256:21304366f16aa684f6b2fc49a8603e8e1eb3c61f2db60cdbdea71ef4d8ea166b",
                "sha256:229d40f83a1d8ae0cd9d111a829972224527573a98487d092496840b98a82af2",
                "sha256:28e5867f8a290ca3a448954d1d34b875ba7d0e5f775e4c775f9eebdecc68dfb1",
                "sha256:2b300f0ad23a986e7085731bb6a622619c550e5df6649463492d4c6c44f8c9d5",
                "sha256:32e03d0bfbb295cce3a37a18bca70b1f81b139fd8ae835fc0b91b1270b379e5b",
                "sha256:40befc6b6b774cfc34d19b79ba04800494150f256709f0b8e76f5f05b1c1c9ac",
                "sha256:45e791e7083a7b4500cdaff0854ff3f74da31d0d375c6f86aab70ae629934829",
                "sha256:4aacc4fe1bf4cd892137f56c9783c81b388c80a249e8afacb1374ac52543e8f2",
                "sha256:50a1c23c05a966094e1cc3876109228dc966e1d31cec6ffb69a6b2cde5d4049f",
                "sha256:5186ed5c9bf04f50aec6b30d4795ff48f227137a2f6c92b2d6503a29b0b9761b",
                "sha256:51961a3b2e5eb7c276052d4a5d347de1b6d128751eae576e7162f95f6d1e466d",
                "sha256:57f186097f3086b0fbaf91f823a70df0993f098c5780db2bfd941184a6e5fa42",
                "sha256:5fbd4ea17c36806c94e6c2fc4d6a6548c628c0ad874937b0953946d49f29f23b",
                "sha256:613c5ff62c19c18b248de2159a6c4093e8adac8f9f5655e8f32e71a9cb36e5df",
                "sha256:62df8d3f38482864c35347978184c095556796e3af4005f24091dd5bcbed5b0a",
                "sha256:67069b698c79c53e704b67b10147b94ca8e7cfb55fb84010c3d38218bda51c03",
                "sha256:6a4875c15a3a6c19c999c7f11ff533bd7abadbc1e581f1c4135b0225344fdd94",
                "sha256:73e910401d9a9c127b039e16e8b6a1ba4ec8d21a405e6cf12d7ed5ba207058b0",
                "sha256:74d0b0bd2a284d3ba9b1b99c334171230d88658ef2d64e2f83a71dc28c65f2da",
                "sha256:75ab092f84ee6cf61d25cf8b4f491b2488d8596d035d8347663c5ef6d58219ab",
                "sha256:75ec775bf3950ca2f9287ae86637a6de8a9a8addf463bfb176026403ea78c64b",
                "sha256:7a96262d51f2714a250cf89e063f354a621d81438a7019bca5035e3ab4a65988",
                "sha256:818115cb123281fa54dc80cfa1033da95a0b0b481adb967e4147d726468a42a5",
                "sha256:86ffd4480e578e86277f5d2c65aad30db21c02bb7b8a439c44585ca65bb7fe7c",
                "sha256:8803e41bc1c5c5c1c16bb873308fc9cb4613ee51688084e94976d887e3d588b0",
                "sha256:8b4e7f01b359e8178d2112b2eefdccbfe2fd36a1e57dbcebf1678aef266e691a",
                "sha256:8b5b8fc1d09daad512999ac4539cb224ec6379e08883f6d3f581875a98a94f05",
                "sha256:93a59c9fdb4d76f2c4bb93c4fbc3c7450c746082e9aa9ba71d2b8f87a958121e",
                "sha256:942217aac7364e6055b8b10b5186dd852e7fc167849adc3de067943b7c461cee",
                "sha256:95cfd34bc9ddc4e4d2dbcec1ecf15c68ea0243d75518b13b69450d672189f3d7",
                "sha256:960069cd1478996e7f00d9c98347bfb1804f14e309fa1f00cbd26136dc1074f8",
                "sha256:982a03c4cd4a5509540f18b127f5b873d54019d5cdc1438f07529dc9080be633",
                "sha256:992481beecac68fb1978b62da83eae5e34c79e4ae16a9104826b4f9c5b121beb",
                "sha256:9a109ab311327ce036b9ee0d984935009e0dad45a8a8c8387f580fa11ccfe6fc",
                "sha256:9a6baa282fae2733389f16a3356e74a627a5d30d9b96e0a42f8080aa8799a513",
                "sha256:a76378f89cbdf457573b94a889666306f0fac2ab55d0e0b2aa26c8dcec9ac587",
                "sha256:ad1d6b7e8e2323a222b4f968f16f27dbe91f48e4c8cc802bf27022e324b8b99b",
                "sha256:ad8c5ed9a82efcffaa5bb216f8d39a8a244235a98fa14d2e837ef8088a068745",
                "sha256:b158e37423191bfa42d14366ed4dc4fea0f4b6fcc0ad3d180711b8e9609bcd02",
                "sha256:b1e70b24d9a7aa10cc9ce52a7139037e22d4444b152d54770c7c9342cf5e8781",
                "sha256:b655fded7314065a60e088d2e49b014155a700a96b01af081abb914ce1fa2e96",
                "sha256:b6d74c3ba47d914c874bef8aa0efc0af99e07b44b7f735cde9ff93573ca33ad2",
                "sha256:b8a0208b1bc9b2e2b7097d33a7e24f4268e189b05ee5267f57e7346802653b9f",
                "sha256:bea164dbeff193a052a2d64896dd136c0bfccd8b3000a2d233d2d23cddf18436",
                "sha256:c1e01a04d7115900b6fb864b822d04a06159bc1c57dbefd119fad09506f7d242",
                "sha256:c56fabcd61c27c731e3a2f682a51cf91608a908d83d93f69c2431412a01c70fb",
                "sha256:c9cb4e98e44efc87a0bbdcd231101797518a688cc2528355b9200a0f4b18522e",
                "sha256:cc14c8b37f9acebadbf7b1ab7c788826e67dfecf4a872c6a2698777716856333",
                "sha256:d69bf72ebdba7f892e9cf45fe55f8308b4b683db887728da28c3721cd6a624fd",
                "sha256:d95f3ddc12380ebd024e2c9a1ee4e0a34555275ddcc6658962df1379fedfaef4",
                "sha256:e566aa04957ae61c0c2eb4ec70e7767520fe79c5b9cae2ebbf5eaddbff73ea58",
                "sha256:ec40b8a81df4ec972f494db1e0848d38b2a2c117f001aae0e4c739feec50205f",
                "sha256:f132290e962af25fd89a64c0960d5f5d2b46aab647bc52a959b09742d3a3a3b0",
                "sha256:f1bed2fe1ce230e37826dc25fc077ae892d9edfe9d312aea112f3cbeba2a8588",
                "sha256:fba4e8fc77865cbf7464f5a847129c282a8bd26868da160b2b90d61c67192d4b"
            ],
            "index": "pypi",
            "markers": "python_version >= '3.7'",
            "version": "==1.0.26.2"
        },
        "numpy": {
            "hashes": [
                "sha256:0123ffdaa88fa4ab64835dcbde75dcdf89c453c922f18dced6e27c90d1d0ec5a",
                "sha256:11a76c372d1d37437857280aa142086476136a8c0f373b2e648ab2c8f18fb195",
                "sha256:13e689d772146140a252c3a28501da66dfecd77490b498b168b501835041f951",
                "sha256:1e795a8be3ddbac43274f18588329c72939870a16cae810c2b73461c40718ab1",
                "sha256:26df23238872200f63518dd2aa984cfca675d82469535dc7162dc2ee52d9dd5c",
                "sha256:286cd40ce2b7d652a6f22efdfc6d1edf879440e53e76a75955bc0c826c7e64dc",
                "sha256:2b2955fa6f11907cf7a70dab0d0755159bca87755e831e47932367fc8f2f2d0b",
                "sha256:2da5960c3cf0df7eafefd806d4e612c5e19358de82cb3c343631188991566ccd",
                "sha256:312950fdd060354350ed123c0e25a71327d3711584beaef30cdaa93320c392d4",
                "sha256:423e89b23490805d2a5a96fe40ec507407b8ee786d66f7328be214f9679df6dd",
                "sha256:496f71341824ed9f3d2fd36cf3ac57ae2e0165c143b55c3a035ee219413f3318",
                "sha256:49ca4decb342d66018b01932139c0961a8f9ddc7589611158cb3c27cbcf76448",
                "sha256:51129a29dbe56f9ca83438b706e2e69a39892b5eda6cedcb6b0c9fdc9b0d3ece",
                "sha256:5fec9451a7789926bcf7c2b8d187292c9f93ea30284802a0ab3f5be8ab36865d",
                "sha256:671bec6496f83202ed2d3c8fdc486a8fc86942f2e69ff0e986140339a63bcbe5",
                "sha256:7f0a0c6f12e07fa94133c8a67404322845220c06a9e80e85999afe727f7438b8",
                "sha256:807ec44583fd708a21d4a11d94aedf2f4f3c3719035c76a2bbe1fe8e217bdc57",
                "sha256:883c987dee1880e2a864ab0dc9892292582510604156762362d9326444636e78",
                "sha256:8c5713284ce4e282544c68d1c3b2c7161d38c256d2eefc93c1d683cf47683e66",
                "sha256:8cafab480740e22f8d833acefed5cc87ce276f4ece12fdaa2e8903db2f82897a",
                "sha256:8df823f570d9adf0978347d1f926b2a867d5608f434a7cff7f7908c6570dcf5e",
                "sha256:9059e10581ce4093f735ed23f3b9d283b9d517ff46009ddd485f1747eb22653c",
                "sha256:905d16e0c60200656500c95b6b8dca5d109e23cb24abc701d41c02d74c6b3afa",
                "sha256:9189427407d88ff25ecf8f12469d4d39d35bee1db5d39fc5c168c6f088a6956d",
                "sha256:96a55f64139912d61de9137f11bf39a55ec8faec288c75a54f93dfd39f7eb40c",
                "sha256:97032a27bd9d8988b9a97a8c4d2c9f2c15a81f61e2f21404d7e8ef00cb5be729",
                "sha256:984d96121c9f9616cd33fbd0618b7f08e0cfc9600a7ee1d6fd9b239186d19d97",
                "sha256:9a92ae5c14811e390f3767053ff54eaee3bf84576d99a2456391401323f4ec2c",
                "sha256:9ea91dfb7c3d1c56a0e55657c0afb38cf1eeae4544c208dc465c3c9f3a7c09f9",
                "sha256:a15f476a45e6e5a3a79d8a14e62161d27ad897381fecfa4a09ed5322f2085669",
                "sha256:a392a68bd329eafac5817e5aefeb39038c48b671afd242710b451e76090e81f4",
                "sha256:a3f4ab0caa7f053f6797fcd4e1e25caee367db3112ef2b6ef82d749530768c73",
                "sha256:a46288ec55ebbd58947d31d72be2c63cbf839f0a63b49cb755022310792a3385",
                "sha256:a61ec659f68ae254e4d237816e33171497e978140353c0c2038d46e63282d0c8",
                "sha256:a842d573724391493a97a62ebbb8e731f8a5dcc5d285dfc99141ca15a3302d0c",
                "sha256:becfae3ddd30736fe1889a37f1f580e245ba79a5855bff5f2a29cb3ccc22dd7b",
                "sha256:c05e238064fc0610c840d1cf6a13bf63d7e391717d247f1bf0318172e759e692",
                "sha256:c1c9307701fec8f3f7a1e6711f9089c06e6284b3afbbcd259f7791282d660a15",
                "sha256:c7b0be4ef08607dd04da4092faee0b86607f111d5ae68036f16cc787e250a131",
                "sha256:cfd41e13fdc257aa5778496b8caa5e856dc4896d4ccf01841daee1d96465467a",
                "sha256:d731a1c6116ba289c1e9ee714b08a8ff882944d4ad631fd411106a30f083c326",
                "sha256:df55d490dea7934f330006d0f81e8551ba6010a5bf035a249ef61a94f21c500b",
                "sha256:ec9852fb39354b5a45a80bdab5ac02dd02b15f44b3804e9f00c556bf24b4bded",
                "sha256:f15975dfec0cf2239224d80e32c3170b1d168335eaedee69da84fbe9f1f9cd04",
                "sha256:f26b258c385842546006213344c50655ff1555a9338e2e5e02a0756dc3e803dd"
            ],
            "markers": "python_version >= '3.9'",
            "version": "==2.0.2"
        },
        "pillow": {
            "hashes": [
                "sha256:00177a63030d612148e659b55ba99527803288cea7c75fb05766ab7981a8c1b7",
                "sha256:006bcdd307cc47ba43e924099a038cbf9591062e6c50e570819743f5607404f5",
                "sha256:084a07ef0821cfe4858fe86652fffac8e187b6ae677e9906e192aafcc1b69903",
                "sha256:0ae08bd8ffc41aebf578c2af2f9d8749d91f448b3bfd41d7d9ff573d74f2a6b2",
                "sha256:0e038b0745997c7dcaae350d35859c9715c71e92ffb7e0f4a8e8a16732150f38",
                "sha256:1187739620f2b365de756ce086fdb3604573337cc28a0d3ac4a01ab6b2d2a6d2",
                "sha256:16095692a253047fe3ec028e951fa4221a1f3ed3d80c397e83541a3037ff67c9",
                "sha256:1a61b54f87ab5786b8479f81c4b11f4d61702830354520837f8cc791ebba0f5f",
                "sha256:1c1d72714f429a521d8d2d018badc42414c3077eb187a59579f28e4270b4b0fc",
                "sha256:1e2688958a840c822279fda0086fec1fdab2f95bf2b717b66871c4ad9859d7e8",
                "sha256:20ec184af98a121fb2da42642dea8a29ec80fc3efbaefb86d8fdd2606619045d",
                "sha256:21a0d3b115009ebb8ac3d2ebec5c2982cc693da935f4ab7bb5c8ebe2f47d36f2",
                "sha256:224aaa38177597bb179f3ec87eeefcce8e4f85e608025e9cfac60de237ba6316",
                "sha256:2679d2258b7f1192b378e2893a8a0a0ca472234d4c2c0e6bdd3380e8dfa21b6a",
                "sha256:27a7860107500d813fcd203b4ea19b04babe79448268403172782754870dac25",
                "sha256:290f2cc809f9da7d6d622550bbf4c1e57518212da51b6a30fe8e0a270a5b78bd",
                "sha256:2e46773dc9f35a1dd28bd6981332fd7f27bec001a918a72a79b4133cf5291dba",
                "sha256:3107c66e43bda25359d5ef446f59c497de2b5ed4c7fdba0894f8d6cf3822dafc",
                "sha256:375b8dd15a1f5d2feafff536d47e22f69625c1aa92f12b339ec0b2ca40263273",
                "sha256:45c566eb10b8967d71bf1ab8e4a525e5a93519e29ea071459ce517f6b903d7fa",
                "sha256:499c3a1b0d6fc8213519e193796eb1a86a1be4b1877d678b30f83fd979811d1a",
                "sha256:4ad70c4214f67d7466bea6a08061eba35c01b1b89eaa098040a35272a8efb22b",
                "sha256:4b60c9520f7207aaf2e1d94de026682fc227806c6e1f55bba7606d1c94dd623a",
                "sha256:5178952973e588b3f1360868847334e9e3bf49d19e169bbbdfaf8398002419ae",
                "sha256:52a2d8323a465f84faaba5236567d212c3668f2ab53e1c74c15583cf507a0291",
                "sha256:598b4e238f13276e0008299bd2482003f48158e2b11826862b1eb2ad7c768b97",
                "sha256:5bd2d3bdb846d757055910f0a59792d33b555800813c3b39ada1829c372ccb06",
                "sha256:5c39ed17edea3bc69c743a8dd3e9853b7509625c2462532e62baa0732163a904",
                "sha256:5d203af30149ae339ad1b4f710d9844ed8796e97fda23ffbc4cc472968a47d0b",
                "sha256:5ddbfd761ee00c12ee1be86c9c0683ecf5bb14c9772ddbd782085779a63dd55b",
                "sha256:607bbe123c74e272e381a8d1957083a9463401f7bd01287f50521ecb05a313f8",
                "sha256:61b887f9ddba63ddf62fd02a3ba7add935d053b6dd7d58998c630e6dbade8527",
                "sha256:6619654954dc4936fcff82db8eb6401d3159ec6be81e33c6000dfd76ae189947",
                "sha256:674629ff60030d144b7bca2b8330225a9b11c482ed408813924619c6f302fdbb",
                "sha256:6ec0d5af64f2e3d64a165f490d96368bb5dea8b8f9ad04487f9ab60dc4bb6003",
                "sha256:6f4dba50cfa56f910241eb7f883c20f1e7b1d8f7d91c750cd0b318bad443f4d5",
                "sha256:70fbbdacd1d271b77b7721fe3cdd2d537bbbd75d29e6300c672ec6bb38d9672f",
                "sha256:72bacbaf24ac003fea9bff9837d1eedb6088758d41e100c1552930151f677739",
                "sha256:7326a1787e3c7b0429659e0a944725e1b03eeaa10edd945a86dead1913383944",
                "sha256:73853108f56df97baf2bb8b522f3578221e56f646ba345a372c78326710d3830",
                "sha256:73e3a0200cdda995c7e43dd47436c1548f87a30bb27fb871f352a22ab8dcf45f",
                "sha256:75acbbeb05b86bc53cbe7b7e6fe00fbcf82ad7c684b3ad82e3d711da9ba287d3",
                "sha256:8069c5179902dcdce0be9bfc8235347fdbac249d23bd90514b7a47a72d9fecf4",
                "sha256:846e193e103b41e984ac921b335df59195356ce3f71dcfd155aa79c603873b84",
                "sha256:8594f42df584e5b4bb9281799698403f7af489fba84c34d53d1c4bfb71b7c4e7",
                "sha256:86510e3f5eca0ab87429dd77fafc04693195eec7fd6a137c389c3eeb4cfb77c6",
                "sha256:8853a3bf12afddfdf15f57c4b02d7ded92c7a75a5d7331d19f4f9572a89c17e6",
                "sha256:88a58d8ac0cc0e7f3a014509f0455248a76629ca9b604eca7dc5927cc593c5e9",
                "sha256:8ba470552b48e5835f1d23ecb936bb7f71d206f9dfeee64245f30c3270b994de",
                "sha256:8c676b587da5673d3c75bd67dd2a8cdfeb282ca38a30f37950511766b26858c4",
                "sha256:8ec4a89295cd6cd4d1058a5e6aec6bf51e0eaaf9714774e1bfac7cfc9051db47",
                "sha256:94f3e1780abb45062287b4614a5bc0874519c86a777d4a7ad34978e86428b8dd",
                "sha256:9a0f748eaa434a41fccf8e1ee7a3eed68af1b690e75328fd7a60af123c193b50",
                "sha256:a5629742881bcbc1f42e840af185fd4d83a5edeb96475a575f4da50d6ede337c",
                "sha256:a65149d8ada1055029fcb665452b2814fe7d7082fcb0c5bed6db851cb69b2086",
                "sha256:b3c5ac4bed7519088103d9450a1107f76308ecf91d6dabc8a33a2fcfb18d0fba",
                "sha256:b4fd7bd29610a83a8c9b564d457cf5bd92b4e11e79a4ee4716a63c959699b306",
                "sha256:bcd1fb5bb7b07f64c15618c89efcc2cfa3e95f0e3bcdbaf4642509de1942a699",
                "sha256:c12b5ae868897c7338519c03049a806af85b9b8c237b7d675b8c5e089e4a618e",
                "sha256:c26845094b1af3c91852745ae78e3ea47abf3dbcd1cf962f16b9a5fbe3ee8488",
                "sha256:c6a660307ca9d4867caa8d9ca2c2658ab685de83792d1876274991adec7b93fa",
                "sha256:c809a70e43c7977c4a42aefd62f0131823ebf7dd73556fa5d5950f5b354087e2",
                "sha256:c8b2351c85d855293a299038e1f89db92a2f35e8d2f783489c6f0b2b5f3fe8a3",
                "sha256:cb929ca942d0ec4fac404cbf520ee6cac37bf35be479b970c4ffadf2b6a1cad9",
                "sha256:d2c0a187a92a1cb5ef2c8ed5412dd8d4334272617f532d4ad4de31e0495bd923",
                "sha256:d69bfd8ec3219ae71bcde1f942b728903cad25fafe3100ba2258b973bd2bc1b2",
                "sha256:daffdf51ee5db69a82dd127eabecce20729e21f7a3680cf7cbb23f0829189790",
                "sha256:e58876c91f97b0952eb766123bfef372792ab3f4e3e1f1a2267834c2ab131734",
                "sha256:eda2616eb2313cbb3eebbe51f19362eb434b18e3bb599466a1ffa76a033fb916",
                "sha256:ee217c198f2e41f184f3869f3e485557296d505b5195c513b2bfe0062dc537f1",
                "sha256:f02541ef64077f22bf4924f225c0fd1248c168f86e4b7abdedd87d6ebaceab0f",
                "sha256:f1b82c27e89fffc6da125d5eb0ca6e68017faf5efc078128cfaa42cf5cb38798",
                "sha256:fba162b8872d30fea8c52b258a542c5dfd7b235fb5cb352240c8d63b414013eb",
                "sha256:fbbcb7b57dc9c794843e3d1258c0fbf0f48656d46ffe9e09b63bbd6e8cd5d0a2",
                "sha256:fcb4621042ac4b7865c179bb972ed0da0218a076dc1820ffc48b1d74c1e37fe9"
            ],
            "markers": "python_version >= '3.9'",
            "version": "==11.0.0"
        },
        "pyopengl": {
            "hashes": [
                "sha256:a6ab19cf290df6101aaf7470843a9c46207789855746399d0af92521a0a92b7a",
                "sha256:eef31a3888e6984fd4d8e6c9961b184c9813ca82604d37fe3da80eb000a76c86"
            ],
            "version": "==3.1.7"
        },
        "pysdl2": {
            "hashes": [
                "sha256:1027406badbecdd30fe56e800a5a76ad7d7271a3aec0b7acf780ee26a00f2d40"
            ],
            "version": "==0.9.16"
        },
        "pysdl2-dll": {
            "hashes": [
                "sha256:1f243b9bd3f48a782f9feec26c261b0ae5ffbc3aa78756c5853e992fa5e7dfcf",
                "sha256:2b710986fb7f0c36eebf0d75a8b1d96d47e3b31a926673a72f63d683494efbc9",
                "sha256:890233f56f544d3f08c9a6cc1ca1d1ce9e2621983baaff74a949a93dc311ed9f",
                "sha256:97e16b03b8d0a25c78dabb216ae741d9a2c174186d7544c93a4bce093b60bcca",
                "sha256:bfab2f1a34a9eced88e9a6846f807596ecdc3a706779763a2e2be014f468da14",
                "sha256:d8534970c452bb0c5b7a2a24c39105e28c69438333be285b7ccdb8edab2e9e90",
                "sha256:dbb9bab74ed72912781523dbcaa537657faf9e3690d5c7f99712aea379dfe652",
                "sha256:e6a3b4fbca88c4a729610bf35a0968a906166441f38479a95214ef6e347b197e",
                "sha256:fdde25cf1863c7cc538da4bb997f5bdf87cbbcf09aa6a736d11e6c3848d04900"
            ],
            "version": "==2.30.2"
        },
        "pyusb": {
            "hashes": [
                "sha256:2b4c7cb86dbadf044dfb9d3a4ff69fd217013dbe78a792177a3feb172449ea36",
                "sha256:a4cc7404a203144754164b8b40994e2849fde1cfff06b08492f12fff9d9de7b9"
            ],
            "index": "pypi",
            "markers": "python_full_version >= '3.6.0'",
            "version": "==1.2.1"
        },
        "zipp": {
            "hashes": [
                "sha256:2c9958f6430a2040341a52eb608ed6dd93ef4392e02ffe219417c1b28b5dd1f4",
                "sha256:ac1bbe05fd2991f160ebce24ffbac5f6d11d83dc90891255885223d42b3cd931"
            ],
            "markers": "python_version >= '3.9'",
            "version": "==3.21.0"
        }
    },
    "develop": {
        "astroid": {
            "hashes": [
                "sha256:5cfc40ae9f68311075d27ef68a4841bdc5cc7f6cf86671b49f00607d30188e2d",
                "sha256:a9d1c946ada25098d790e079ba2a1b112157278f3fb7e718ae6a9252f5835dc8"
            ],
            "markers": "python_full_version >= '3.9.0'",
            "version": "==3.3.5"
        },
        "dill": {
            "hashes": [
                "sha256:468dff3b89520b474c0397703366b7b95eebe6303f108adf9b19da1f702be87a",
                "sha256:81aa267dddf68cbfe8029c42ca9ec6a4ab3b22371d1c450abc54422577b4512c"
            ],
            "markers": "python_version >= '3.8'",
            "version": "==0.3.9"
        },
        "isort": {
            "hashes": [
                "sha256:48fdfcb9face5d58a4f6dde2e72a1fb8dcaf8ab26f95ab49fab84c2ddefb0109",
                "sha256:8ca5e72a8d85860d5a3fa69b8745237f2939afe12dbf656afbcb47fe72d947a6"
            ],
            "markers": "python_full_version >= '3.8.0'",
            "version": "==5.13.2"
        },
        "mccabe": {
            "hashes": [
                "sha256:348e0240c33b60bbdf4e523192ef919f28cb2c3d7d5c7794f74009290f236325",
                "sha256:6c2d30ab6be0e4a46919781807b4f0d834ebdd6c6e3dca0bda5a15f863427b6e"
            ],
            "markers": "python_version >= '3.6'",
            "version": "==0.7.0"
        },
        "platformdirs": {
            "hashes": [
                "sha256:357fb2acbc885b0419afd3ce3ed34564c13c9b95c89360cd9563f73aa5e2b907",
                "sha256:73e575e1408ab8103900836b97580d5307456908a03e92031bab39e4554cc3fb"
            ],
            "markers": "python_version >= '3.8'",
            "version": "==4.3.6"
        },
        "pylint": {
            "hashes": [
                "sha256:2f846a466dd023513240bc140ad2dd73bfc080a5d85a710afdb728c420a5a2b9",
                "sha256:9f3dcc87b1203e612b78d91a896407787e708b3f189b5fa0b307712d49ff0c6e"
            ],
            "index": "pypi",
            "markers": "python_full_version >= '3.9.0'",
            "version": "==3.3.1"
        },
        "tomli": {
            "hashes": [
                "sha256:3f646cae2aec94e17d04973e4249548320197cfabdf130015d023de4b74d8ab8",
                "sha256:a5c57c3d1c56f5ccdf89f6523458f60ef716e210fc47c4cfb188c5ba473e0391"
            ],
            "markers": "python_version >= '3.8'",
            "version": "==2.1.0"
        },
        "tomlkit": {
            "hashes": [
                "sha256:7a974427f6e119197f670fbbbeae7bef749a6c14e793db934baefc1b5f03efde",
                "sha256:fff5fe59a87295b278abd31bec92c15d9bc4a06885ab12bcea52c71119392e79"
            ],
            "markers": "python_version >= '3.8'",
            "version": "==0.13.2"
        },
        "typing-extensions": {
            "hashes": [
                "sha256:04e5ca0351e0f3f85c6853954072df659d0d13fac324d0072316b67d7794700d",
                "sha256:1a7ead55c7e559dd4dee8856e3a88b41225abfe1ce8df57b7c13915fe121ffb8"
            ],
            "markers": "python_version >= '3.8'",
            "version": "==4.12.2"
        }
    }
}
